
Microsoft Visual Studio Solution File, Format Version 12.00
# Visual Studio Version 17
VisualStudioVersion = 17.13.35828.75 d17.13
MinimumVisualStudioVersion = 10.0.40219.1
Project("{FAE04EC0-301F-11D3-BF4B-00C04F79EFBC}") = "PersonelTakipSistemi", "PersonelTakipSistemi\PersonelTakipSistemi.csproj", "{856447B8-D832-49AA-B6E1-40E3E35BDC6A}"
EndProject
Global
	GlobalSection(SolutionConfigurationPlatforms) = preSolution
		Debug|Any CPU = Debug|Any CPU
		Release|Any CPU = Release|Any CPU
	EndGlobalSection
	GlobalSection(ProjectConfigurationPlatforms) = postSolution
		{856447B8-D832-49AA-B6E1-40E3E35BDC6A}.Debug|Any CPU.ActiveCfg = Debug|Any CPU
		{856447B8-D832-49AA-B6E1-40E3E35BDC6A}.Debug|Any CPU.Build.0 = Debug|Any CPU
		{856447B8-D832-49AA-B6E1-40E3E35BDC6A}.Release|Any CPU.ActiveCfg = Release|Any CPU
		{856447B8-D832-49AA-B6E1-40E3E35BDC6A}.Release|Any CPU.Build.0 = Release|Any CPU
	EndGlobalSection
	GlobalSection(SolutionProperties) = preSolution
		HideSolutionNode = FALSE
	EndGlobalSection
	GlobalSection(ExtensibilityGlobals) = postSolution
		SolutionGuid = {108FD75B-213F-4B0D-9426-7F3B284501D8}
	EndGlobalSection
EndGlobal
